
Microsoft Visual Studio Solution File, Format Version 12.00
# Visual Studio Version 16
VisualStudioVersion = 16.0.30717.126
MinimumVisualStudioVersion = 10.0.40219.1
Project("{FAE04EC0-301F-11D3-BF4B-00C04F79EFBC}") = "day03", "day03.csproj", "{4A0298FE-45AC-43DC-AD79-EFEC92219BEE}"
EndProject
Global
	GlobalSection(SolutionConfigurationPlatforms) = preSolution
		Debug|Any CPU = Debug|Any CPU
		Release|Any CPU = Release|Any CPU
	EndGlobalSection
	GlobalSection(ProjectConfigurationPlatforms) = postSolution
		{4A0298FE-45AC-43DC-AD79-EFEC92219BEE}.Debug|Any CPU.ActiveCfg = Debug|Any CPU
		{4A0298FE-45AC-43DC-AD79-EFEC92219BEE}.Debug|Any CPU.Build.0 = Debug|Any CPU
		{4A0298FE-45AC-43DC-AD79-EFEC92219BEE}.Release|Any CPU.ActiveCfg = Release|Any CPU
		{4A0298FE-45AC-43DC-AD79-EFEC92219BEE}.Release|Any CPU.Build.0 = Release|Any CPU
	EndGlobalSection
	GlobalSection(SolutionProperties) = preSolution
		HideSolutionNode = FALSE
	EndGlobalSection
	GlobalSection(ExtensibilityGlobals) = postSolution
		SolutionGuid = {63721A68-0E12-47A7-BFD2-249F31985FB2}
	EndGlobalSection
EndGlobal
